
Microsoft Visual Studio Solution File, Format Version 12.00
# Visual Studio Version 17
VisualStudioVersion = 17.3.32929.385
MinimumVisualStudioVersion = 10.0.40219.1
Project("{FAE04EC0-301F-11D3-BF4B-00C04F79EFBC}") = "MultiThreadEmpPayRoll", "MultiThreadEmpPayRoll.csproj", "{B9A7CB79-D147-43B0-A79B-1BE3D27C5A9E}"
EndProject
Project("{FAE04EC0-301F-11D3-BF4B-00C04F79EFBC}") = "MultiThreadTestCase", "..\MultiThreadTestCase\MultiThreadTestCase.csproj", "{D0B52377-0440-4F28-A178-84C45175E8F3}"
EndProject
Global
	GlobalSection(SolutionConfigurationPlatforms) = preSolution
		Debug|Any CPU = Debug|Any CPU
		Release|Any CPU = Release|Any CPU
	EndGlobalSection
	GlobalSection(ProjectConfigurationPlatforms) = postSolution
		{B9A7CB79-D147-43B0-A79B-1BE3D27C5A9E}.Debug|Any CPU.ActiveCfg = Debug|Any CPU
		{B9A7CB79-D147-43B0-A79B-1BE3D27C5A9E}.Debug|Any CPU.Build.0 = Debug|Any CPU
		{B9A7CB79-D147-43B0-A79B-1BE3D27C5A9E}.Release|Any CPU.ActiveCfg = Release|Any CPU
		{B9A7CB79-D147-43B0-A79B-1BE3D27C5A9E}.Release|Any CPU.Build.0 = Release|Any CPU
		{D0B52377-0440-4F28-A178-84C45175E8F3}.Debug|Any CPU.ActiveCfg = Debug|Any CPU
		{D0B52377-0440-4F28-A178-84C45175E8F3}.Debug|Any CPU.Build.0 = Debug|Any CPU
		{D0B52377-0440-4F28-A178-84C45175E8F3}.Release|Any CPU.ActiveCfg = Release|Any CPU
		{D0B52377-0440-4F28-A178-84C45175E8F3}.Release|Any CPU.Build.0 = Release|Any CPU
	EndGlobalSection
	GlobalSection(SolutionProperties) = preSolution
		HideSolutionNode = FALSE
	EndGlobalSection
	GlobalSection(ExtensibilityGlobals) = postSolution
		SolutionGuid = {F9418D6E-15B4-4F0B-9740-193E73FC369E}
	EndGlobalSection
EndGlobal
